
Microsoft Visual Studio Solution File, Format Version 12.00
# Visual Studio Version 17
VisualStudioVersion = 17.1.32210.238
MinimumVisualStudioVersion = 10.0.40219.1
Project("{FAE04EC0-301F-11D3-BF4B-00C04F79EFBC}") = "CustomerEvent", "CustomerEvent\CustomerEvent.csproj", "{0B80AA77-878F-4542-A579-EFCCA3519B7C}"
EndProject
Global
	GlobalSection(SolutionConfigurationPlatforms) = preSolution
		Debug|Any CPU = Debug|Any CPU
		Release|Any CPU = Release|Any CPU
	EndGlobalSection
	GlobalSection(ProjectConfigurationPlatforms) = postSolution
		{0B80AA77-878F-4542-A579-EFCCA3519B7C}.Debug|Any CPU.ActiveCfg = Debug|Any CPU
		{0B80AA77-878F-4542-A579-EFCCA3519B7C}.Debug|Any CPU.Build.0 = Debug|Any CPU
		{0B80AA77-878F-4542-A579-EFCCA3519B7C}.Release|Any CPU.ActiveCfg = Release|Any CPU
		{0B80AA77-878F-4542-A579-EFCCA3519B7C}.Release|Any CPU.Build.0 = Release|Any CPU
	EndGlobalSection
	GlobalSection(SolutionProperties) = preSolution
		HideSolutionNode = FALSE
	EndGlobalSection
	GlobalSection(ExtensibilityGlobals) = postSolution
		SolutionGuid = {A89BBBD8-F676-4D7D-AC13-DCA0C518CB19}
	EndGlobalSection
EndGlobal
